
Microsoft Visual Studio Solution File, Format Version 12.00
# Visual Studio Version 16
VisualStudioVersion = 16.0.33214.272
MinimumVisualStudioVersion = 10.0.40219.1
Project("{FAE04EC0-301F-11D3-BF4B-00C04F79EFBC}") = "testPipeline", "testPipeline\testPipeline.csproj", "{DA109DDB-119B-4FCF-8BCA-4D15FC795E74}"
EndProject
Project("{FAE04EC0-301F-11D3-BF4B-00C04F79EFBC}") = "testPipeline.Test", "testPipeline.Test\testPipeline.Test.csproj", "{E5D438C2-7C9A-42E7-97CB-E0E6B5A46EAA}"
EndProject
Global
	GlobalSection(SolutionConfigurationPlatforms) = preSolution
		Debug|Any CPU = Debug|Any CPU
		Release|Any CPU = Release|Any CPU
	EndGlobalSection
	GlobalSection(ProjectConfigurationPlatforms) = postSolution
		{DA109DDB-119B-4FCF-8BCA-4D15FC795E74}.Debug|Any CPU.ActiveCfg = Debug|Any CPU
		{DA109DDB-119B-4FCF-8BCA-4D15FC795E74}.Debug|Any CPU.Build.0 = Debug|Any CPU
		{DA109DDB-119B-4FCF-8BCA-4D15FC795E74}.Release|Any CPU.ActiveCfg = Release|Any CPU
		{DA109DDB-119B-4FCF-8BCA-4D15FC795E74}.Release|Any CPU.Build.0 = Release|Any CPU
		{E5D438C2-7C9A-42E7-97CB-E0E6B5A46EAA}.Debug|Any CPU.ActiveCfg = Debug|Any CPU
		{E5D438C2-7C9A-42E7-97CB-E0E6B5A46EAA}.Debug|Any CPU.Build.0 = Debug|Any CPU
		{E5D438C2-7C9A-42E7-97CB-E0E6B5A46EAA}.Release|Any CPU.ActiveCfg = Release|Any CPU
		{E5D438C2-7C9A-42E7-97CB-E0E6B5A46EAA}.Release|Any CPU.Build.0 = Release|Any CPU
	EndGlobalSection
	GlobalSection(SolutionProperties) = preSolution
		HideSolutionNode = FALSE
	EndGlobalSection
	GlobalSection(ExtensibilityGlobals) = postSolution
		SolutionGuid = {651F4078-D787-4E58-9D4C-229683B0E3BC}
	EndGlobalSection
EndGlobal
